
Microsoft Visual Studio Solution File, Format Version 11.00
# Visual Studio 2010
Project("{FAE04EC0-301F-11D3-BF4B-00C04F79EFBC}") = "magicSquare", "magicSquare\magicSquare.csproj", "{3CEBDDAE-1725-4E7B-8E36-91FB2C2A7523}"
EndProject
Global
	GlobalSection(SolutionConfigurationPlatforms) = preSolution
		Debug|x86 = Debug|x86
		Release|x86 = Release|x86
	EndGlobalSection
	GlobalSection(ProjectConfigurationPlatforms) = postSolution
		{3CEBDDAE-1725-4E7B-8E36-91FB2C2A7523}.Debug|x86.ActiveCfg = Debug|x86
		{3CEBDDAE-1725-4E7B-8E36-91FB2C2A7523}.Debug|x86.Build.0 = Debug|x86
		{3CEBDDAE-1725-4E7B-8E36-91FB2C2A7523}.Release|x86.ActiveCfg = Release|x86
		{3CEBDDAE-1725-4E7B-8E36-91FB2C2A7523}.Release|x86.Build.0 = Release|x86
	EndGlobalSection
	GlobalSection(SolutionProperties) = preSolution
		HideSolutionNode = FALSE
	EndGlobalSection
EndGlobal
